// !$*UTF8*$!
{
	archiveVersion = 1;
	classes = {
	};
	objectVersion = 56;
	objects = {

/* Begin PBXBuildFile section */
		C32CE2F02A3B3929001961EA /* RMAPICacheManager.swift in Sources */ = {isa = PBXBuildFile; fileRef = C32CE2EF2A3B3929001961EA /* RMAPICacheManager.swift */; };
		C32CE2F22A3B3973001961EA /* RMImageLoader.swift in Sources */ = {isa = PBXBuildFile; fileRef = C32CE2F12A3B3973001961EA /* RMImageLoader.swift */; };
		C32CE2FC2A3B43CC001961EA /* RMFooterLoadingCollectionReusableView.swift in Sources */ = {isa = PBXBuildFile; fileRef = C32CE2F32A3B43CC001961EA /* RMFooterLoadingCollectionReusableView.swift */; };
		C32CE2FD2A3B43CC001961EA /* Search in Resources */ = {isa = PBXBuildFile; fileRef = C32CE2F42A3B43CC001961EA /* Search */; };
		C32CE2FF2A3B43CC001961EA /* Episode in Resources */ = {isa = PBXBuildFile; fileRef = C32CE2F62A3B43CC001961EA /* Episode */; };
		C32CE3002A3B43CC001961EA /* CharacterDetails in Resources */ = {isa = PBXBuildFile; fileRef = C32CE2F72A3B43CC001961EA /* CharacterDetails */; };
		C32CE3012A3B43CC001961EA /* Character in Resources */ = {isa = PBXBuildFile; fileRef = C32CE2F82A3B43CC001961EA /* Character */; };
		C32CE3022A3B43CC001961EA /* EpisodeDetails in Resources */ = {isa = PBXBuildFile; fileRef = C32CE2F92A3B43CC001961EA /* EpisodeDetails */; };
		C32CE3032A3B43CC001961EA /* LocationDetails in Resources */ = {isa = PBXBuildFile; fileRef = C32CE2FA2A3B43CC001961EA /* LocationDetails */; };
		C32CE3042A3B43CC001961EA /* Location in Resources */ = {isa = PBXBuildFile; fileRef = C32CE2FB2A3B43CC001961EA /* Location */; };
		C32CE30D2A3B440D001961EA /* RMCharacterCollectionViewCellViewModel.swift in Sources */ = {isa = PBXBuildFile; fileRef = C32CE3052A3B440D001961EA /* RMCharacterCollectionViewCellViewModel.swift */; };
		C32CE30E2A3B440D001961EA /* RMCharacterListViewViewModel.swift in Sources */ = {isa = PBXBuildFile; fileRef = C32CE3062A3B440D001961EA /* RMCharacterListViewViewModel.swift */; };
		C32CE30F2A3B440D001961EA /* RMEpisodeListViewViewModel.swift in Sources */ = {isa = PBXBuildFile; fileRef = C32CE3072A3B440D001961EA /* RMEpisodeListViewViewModel.swift */; };
		C32CE3102A3B440D001961EA /* Settings in Resources */ = {isa = PBXBuildFile; fileRef = C32CE3082A3B440D001961EA /* Settings */; };
		C32CE3112A3B440D001961EA /* Locations in Resources */ = {isa = PBXBuildFile; fileRef = C32CE3092A3B440D001961EA /* Locations */; };
		C32CE3122A3B440D001961EA /* CharacterDetail in Resources */ = {isa = PBXBuildFile; fileRef = C32CE30A2A3B440D001961EA /* CharacterDetail */; };
		C32CE3132A3B440D001961EA /* Search in Resources */ = {isa = PBXBuildFile; fileRef = C32CE30B2A3B440D001961EA /* Search */; };
		C32CE3142A3B440D001961EA /* EpisodeDetail in Resources */ = {isa = PBXBuildFile; fileRef = C32CE30C2A3B440D001961EA /* EpisodeDetail */; };
		C32CE3162A3B47BC001961EA /* Other in Resources */ = {isa = PBXBuildFile; fileRef = C32CE3152A3B47BC001961EA /* Other */; };
		C32CE3192A3B47E1001961EA /* DataTypes in Resources */ = {isa = PBXBuildFile; fileRef = C32CE3172A3B47E1001961EA /* DataTypes */; };
		C32CE31A2A3B47E1001961EA /* APIResponseTypes in Resources */ = {isa = PBXBuildFile; fileRef = C32CE3182A3B47E1001961EA /* APIResponseTypes */; };
		C3394E392A30A53F005998FD /* RMService.swift in Sources */ = {isa = PBXBuildFile; fileRef = C3394E382A30A53F005998FD /* RMService.swift */; };
		C3394E3B2A30A553005998FD /* RMRequest.swift in Sources */ = {isa = PBXBuildFile; fileRef = C3394E3A2A30A553005998FD /* RMRequest.swift */; };
		C3394E3D2A30A58D005998FD /* RMEndpoint.swift in Sources */ = {isa = PBXBuildFile; fileRef = C3394E3C2A30A58D005998FD /* RMEndpoint.swift */; };
		C34E7DC02A2BD4FB0072D29A /* AppDelegate.swift in Sources */ = {isa = PBXBuildFile; fileRef = C34E7DBF2A2BD4FB0072D29A /* AppDelegate.swift */; };
		C34E7DC22A2BD4FB0072D29A /* SceneDelegate.swift in Sources */ = {isa = PBXBuildFile; fileRef = C34E7DC12A2BD4FB0072D29A /* SceneDelegate.swift */; };
		C34E7DC42A2BD4FB0072D29A /* RMTabViewController.swift in Sources */ = {isa = PBXBuildFile; fileRef = C34E7DC32A2BD4FB0072D29A /* RMTabViewController.swift */; };
		C34E7DCC2A2BD4FD0072D29A /* LaunchScreen.storyboard in Resources */ = {isa = PBXBuildFile; fileRef = C34E7DCA2A2BD4FD0072D29A /* LaunchScreen.storyboard */; };
		C34E7DE22A2CEB410072D29A /* RMCharacterViewController.swift in Sources */ = {isa = PBXBuildFile; fileRef = C34E7DE12A2CEB410072D29A /* RMCharacterViewController.swift */; };
		C34E7DE42A2CEB6A0072D29A /* RMLocationViewController.swift in Sources */ = {isa = PBXBuildFile; fileRef = C34E7DE32A2CEB6A0072D29A /* RMLocationViewController.swift */; };
		C34E7DE62A2CEB9D0072D29A /* RMEpsiodeViewController.swift in Sources */ = {isa = PBXBuildFile; fileRef = C34E7DE52A2CEB9D0072D29A /* RMEpsiodeViewController.swift */; };
		C34E7DE82A2CEBC60072D29A /* RMSettingsViewController.swift in Sources */ = {isa = PBXBuildFile; fileRef = C34E7DE72A2CEBC60072D29A /* RMSettingsViewController.swift */; };
/* End PBXBuildFile section */

/* Begin PBXFileReference section */
		C32CE2EF2A3B3929001961EA /* RMAPICacheManager.swift */ = {isa = PBXFileReference; lastKnownFileType = sourcecode.swift; path = RMAPICacheManager.swift; sourceTree = "<group>"; };
		C32CE2F12A3B3973001961EA /* RMImageLoader.swift */ = {isa = PBXFileReference; lastKnownFileType = sourcecode.swift; path = RMImageLoader.swift; sourceTree = "<group>"; };
		C32CE2F32A3B43CC001961EA /* RMFooterLoadingCollectionReusableView.swift */ = {isa = PBXFileReference; fileEncoding = 4; lastKnownFileType = sourcecode.swift; path = RMFooterLoadingCollectionReusableView.swift; sourceTree = "<group>"; };
		C32CE2F42A3B43CC001961EA /* Search */ = {isa = PBXFileReference; lastKnownFileType = folder; path = Search; sourceTree = "<group>"; };
		C32CE2F62A3B43CC001961EA /* Episode */ = {isa = PBXFileReference; lastKnownFileType = folder; path = Episode; sourceTree = "<group>"; };
		C32CE2F72A3B43CC001961EA /* CharacterDetails */ = {isa = PBXFileReference; lastKnownFileType = folder; path = CharacterDetails; sourceTree = "<group>"; };
		C32CE2F82A3B43CC001961EA /* Character */ = {isa = PBXFileReference; lastKnownFileType = folder; path = Character; sourceTree = "<group>"; };
		C32CE2F92A3B43CC001961EA /* EpisodeDetails */ = {isa = PBXFileReference; lastKnownFileType = folder; path = EpisodeDetails; sourceTree = "<group>"; };
		C32CE2FA2A3B43CC001961EA /* LocationDetails */ = {isa = PBXFileReference; lastKnownFileType = folder; path = LocationDetails; sourceTree = "<group>"; };
		C32CE2FB2A3B43CC001961EA /* Location */ = {isa = PBXFileReference; lastKnownFileType = folder; path = Location; sourceTree = "<group>"; };
		C32CE3052A3B440D001961EA /* RMCharacterCollectionViewCellViewModel.swift */ = {isa = PBXFileReference; fileEncoding = 4; lastKnownFileType = sourcecode.swift; path = RMCharacterCollectionViewCellViewModel.swift; sourceTree = "<group>"; };
		C32CE3062A3B440D001961EA /* RMCharacterListViewViewModel.swift */ = {isa = PBXFileReference; fileEncoding = 4; lastKnownFileType = sourcecode.swift; path = RMCharacterListViewViewModel.swift; sourceTree = "<group>"; };
		C32CE3072A3B440D001961EA /* RMEpisodeListViewViewModel.swift */ = {isa = PBXFileReference; fileEncoding = 4; lastKnownFileType = sourcecode.swift; path = RMEpisodeListViewViewModel.swift; sourceTree = "<group>"; };
		C32CE3082A3B440D001961EA /* Settings */ = {isa = PBXFileReference; lastKnownFileType = folder; path = Settings; sourceTree = "<group>"; };
		C32CE3092A3B440D001961EA /* Locations */ = {isa = PBXFileReference; lastKnownFileType = folder; path = Locations; sourceTree = "<group>"; };
		C32CE30A2A3B440D001961EA /* CharacterDetail */ = {isa = PBXFileReference; lastKnownFileType = folder; path = CharacterDetail; sourceTree = "<group>"; };
		C32CE30B2A3B440D001961EA /* Search */ = {isa = PBXFileReference; lastKnownFileType = folder; path = Search; sourceTree = "<group>"; };
		C32CE30C2A3B440D001961EA /* EpisodeDetail */ = {isa = PBXFileReference; lastKnownFileType = folder; path = EpisodeDetail; sourceTree = "<group>"; };
		C32CE3152A3B47BC001961EA /* Other */ = {isa = PBXFileReference; lastKnownFileType = folder; path = Other; sourceTree = "<group>"; };
		C32CE3172A3B47E1001961EA /* DataTypes */ = {isa = PBXFileReference; lastKnownFileType = folder; path = DataTypes; sourceTree = "<group>"; };
		C32CE3182A3B47E1001961EA /* APIResponseTypes */ = {isa = PBXFileReference; lastKnownFileType = folder; path = APIResponseTypes; sourceTree = "<group>"; };
		C3394E382A30A53F005998FD /* RMService.swift */ = {isa = PBXFileReference; lastKnownFileType = sourcecode.swift; path = RMService.swift; sourceTree = "<group>"; };
		C3394E3A2A30A553005998FD /* RMRequest.swift */ = {isa = PBXFileReference; lastKnownFileType = sourcecode.swift; path = RMRequest.swift; sourceTree = "<group>"; };
		C3394E3C2A30A58D005998FD /* RMEndpoint.swift */ = {isa = PBXFileReference; lastKnownFileType = sourcecode.swift; path = RMEndpoint.swift; sourceTree = "<group>"; };
		C34E7DBC2A2BD4FB0072D29A /* SwiftUIKitRickAndMortyApp.app */ = {isa = PBXFileReference; explicitFileType = wrapper.application; includeInIndex = 0; path = SwiftUIKitRickAndMortyApp.app; sourceTree = BUILT_PRODUCTS_DIR; };
		C34E7DBF2A2BD4FB0072D29A /* AppDelegate.swift */ = {isa = PBXFileReference; lastKnownFileType = sourcecode.swift; path = AppDelegate.swift; sourceTree = "<group>"; };
		C34E7DC12A2BD4FB0072D29A /* SceneDelegate.swift */ = {isa = PBXFileReference; lastKnownFileType = sourcecode.swift; path = SceneDelegate.swift; sourceTree = "<group>"; };
		C34E7DC32A2BD4FB0072D29A /* RMTabViewController.swift */ = {isa = PBXFileReference; lastKnownFileType = sourcecode.swift; path = RMTabViewController.swift; sourceTree = "<group>"; };
		C34E7DCB2A2BD4FD0072D29A /* Base */ = {isa = PBXFileReference; lastKnownFileType = file.storyboard; name = Base; path = Base.lproj/LaunchScreen.storyboard; sourceTree = "<group>"; };
		C34E7DCD2A2BD4FD0072D29A /* Info.plist */ = {isa = PBXFileReference; lastKnownFileType = text.plist.xml; path = Info.plist; sourceTree = "<group>"; };
		C34E7DE12A2CEB410072D29A /* RMCharacterViewController.swift */ = {isa = PBXFileReference; lastKnownFileType = sourcecode.swift; path = RMCharacterViewController.swift; sourceTree = "<group>"; };
		C34E7DE32A2CEB6A0072D29A /* RMLocationViewController.swift */ = {isa = PBXFileReference; lastKnownFileType = sourcecode.swift; path = RMLocationViewController.swift; sourceTree = "<group>"; };
		C34E7DE52A2CEB9D0072D29A /* RMEpsiodeViewController.swift */ = {isa = PBXFileReference; lastKnownFileType = sourcecode.swift; path = RMEpsiodeViewController.swift; sourceTree = "<group>"; };
		C34E7DE72A2CEBC60072D29A /* RMSettingsViewController.swift */ = {isa = PBXFileReference; lastKnownFileType = sourcecode.swift; path = RMSettingsViewController.swift; sourceTree = "<group>"; };
/* End PBXFileReference section */

/* Begin PBXFrameworksBuildPhase section */
		C34E7DB92A2BD4FB0072D29A /* Frameworks */ = {
			isa = PBXFrameworksBuildPhase;
			buildActionMask = 2147483647;
			files = (
			);
			runOnlyForDeploymentPostprocessing = 0;
		};
/* End PBXFrameworksBuildPhase section */

/* Begin PBXGroup section */
		C34E7DB32A2BD4FB0072D29A = {
			isa = PBXGroup;
			children = (
				C34E7DBE2A2BD4FB0072D29A /* SwiftUIKitRickAndMortyApp */,
				C34E7DBD2A2BD4FB0072D29A /* Products */,
			);
			sourceTree = "<group>";
		};
		C34E7DBD2A2BD4FB0072D29A /* Products */ = {
			isa = PBXGroup;
			children = (
				C34E7DBC2A2BD4FB0072D29A /* SwiftUIKitRickAndMortyApp.app */,
			);
			name = Products;
			sourceTree = "<group>";
		};
		C34E7DBE2A2BD4FB0072D29A /* SwiftUIKitRickAndMortyApp */ = {
			isa = PBXGroup;
			children = (
				C34E7DD92A2CD7550072D29A /* Controllers */,
				C34E7DD32A2CD6EB0072D29A /* Resources */,
				C34E7DD82A2CD7450072D29A /* Models */,
				C34E7DD72A2CD73A0072D29A /* Views */,
				C34E7DD62A2CD7250072D29A /* ViewModels */,
				C34E7DD52A2CD7050072D29A /* APIClient */,
				C34E7DD42A2CD6F80072D29A /* Managers */,
				C34E7DCD2A2BD4FD0072D29A /* Info.plist */,
			);
			path = SwiftUIKitRickAndMortyApp;
			sourceTree = "<group>";
		};
		C34E7DD32A2CD6EB0072D29A /* Resources */ = {
			isa = PBXGroup;
			children = (
				C34E7DBF2A2BD4FB0072D29A /* AppDelegate.swift */,
				C34E7DC12A2BD4FB0072D29A /* SceneDelegate.swift */,
				C34E7DCA2A2BD4FD0072D29A /* LaunchScreen.storyboard */,
			);
			path = Resources;
			sourceTree = "<group>";
		};
		C34E7DD42A2CD6F80072D29A /* Managers */ = {
			isa = PBXGroup;
			children = (
				C32CE2EF2A3B3929001961EA /* RMAPICacheManager.swift */,
				C32CE2F12A3B3973001961EA /* RMImageLoader.swift */,
			);
			path = Managers;
			sourceTree = "<group>";
		};
		C34E7DD52A2CD7050072D29A /* APIClient */ = {
			isa = PBXGroup;
			children = (
				C3394E382A30A53F005998FD /* RMService.swift */,
				C3394E3A2A30A553005998FD /* RMRequest.swift */,
				C3394E3C2A30A58D005998FD /* RMEndpoint.swift */,
			);
			path = APIClient;
			sourceTree = "<group>";
		};
		C34E7DD62A2CD7250072D29A /* ViewModels */ = {
			isa = PBXGroup;
			children = (
				C32CE30A2A3B440D001961EA /* CharacterDetail */,
				C32CE30C2A3B440D001961EA /* EpisodeDetail */,
				C32CE3092A3B440D001961EA /* Locations */,
				C32CE3052A3B440D001961EA /* RMCharacterCollectionViewCellViewModel.swift */,
				C32CE3062A3B440D001961EA /* RMCharacterListViewViewModel.swift */,
				C32CE3072A3B440D001961EA /* RMEpisodeListViewViewModel.swift */,
				C32CE30B2A3B440D001961EA /* Search */,
				C32CE3082A3B440D001961EA /* Settings */,
			);
			path = ViewModels;
			sourceTree = "<group>";
		};
		C34E7DD72A2CD73A0072D29A /* Views */ = {
			isa = PBXGroup;
			children = (
				C32CE2F82A3B43CC001961EA /* Character */,
				C32CE2F72A3B43CC001961EA /* CharacterDetails */,
				C32CE2F62A3B43CC001961EA /* Episode */,
				C32CE2F92A3B43CC001961EA /* EpisodeDetails */,
				C32CE2FB2A3B43CC001961EA /* Location */,
				C32CE2FA2A3B43CC001961EA /* LocationDetails */,
				C32CE2F32A3B43CC001961EA /* RMFooterLoadingCollectionReusableView.swift */,
				C32CE2F42A3B43CC001961EA /* Search */,
			);
			path = Views;
			sourceTree = "<group>";
		};
		C34E7DD82A2CD7450072D29A /* Models */ = {
			isa = PBXGroup;
			children = (
				C32CE3182A3B47E1001961EA /* APIResponseTypes */,
				C32CE3172A3B47E1001961EA /* DataTypes */,
			);
			path = Models;
			sourceTree = "<group>";
		};
		C34E7DD92A2CD7550072D29A /* Controllers */ = {
			isa = PBXGroup;
			children = (
				C32CE3152A3B47BC001961EA /* Other */,
				C34E7DE02A2CEA910072D29A /* Core */,
			);
			path = Controllers;
			sourceTree = "<group>";
		};
		C34E7DE02A2CEA910072D29A /* Core */ = {
			isa = PBXGroup;
			children = (
				C34E7DC32A2BD4FB0072D29A /* RMTabViewController.swift */,
				C34E7DE12A2CEB410072D29A /* RMCharacterViewController.swift */,
				C34E7DE32A2CEB6A0072D29A /* RMLocationViewController.swift */,
				C34E7DE52A2CEB9D0072D29A /* RMEpsiodeViewController.swift */,
				C34E7DE72A2CEBC60072D29A /* RMSettingsViewController.swift */,
			);
			path = Core;
			sourceTree = "<group>";
		};
/* End PBXGroup section */

/* Begin PBXNativeTarget section */
		C34E7DBB2A2BD4FB0072D29A /* SwiftUIKitRickAndMortyApp */ = {
			isa = PBXNativeTarget;
			buildConfigurationList = C34E7DD02A2BD4FD0072D29A /* Build configuration list for PBXNativeTarget "SwiftUIKitRickAndMortyApp" */;
			buildPhases = (
				C34E7DB82A2BD4FB0072D29A /* Sources */,
				C34E7DB92A2BD4FB0072D29A /* Frameworks */,
				C34E7DBA2A2BD4FB0072D29A /* Resources */,
			);
			buildRules = (
			);
			dependencies = (
			);
			name = SwiftUIKitRickAndMortyApp;
			productName = SwiftUIKitRickAndMortyApp;
			productReference = C34E7DBC2A2BD4FB0072D29A /* SwiftUIKitRickAndMortyApp.app */;
			productType = "com.apple.product-type.application";
		};
/* End PBXNativeTarget section */

/* Begin PBXProject section */
		C34E7DB42A2BD4FB0072D29A /* Project object */ = {
			isa = PBXProject;
			attributes = {
				BuildIndependentTargetsInParallel = 1;
				LastSwiftUpdateCheck = 1430;
				LastUpgradeCheck = 1430;
				TargetAttributes = {
					C34E7DBB2A2BD4FB0072D29A = {
						CreatedOnToolsVersion = 14.3;
					};
				};
			};
			buildConfigurationList = C34E7DB72A2BD4FB0072D29A /* Build configuration list for PBXProject "SwiftUIKitRickAndMortyApp" */;
			compatibilityVersion = "Xcode 14.0";
			developmentRegion = en;
			hasScannedForEncodings = 0;
			knownRegions = (
				en,
				Base,
			);
			mainGroup = C34E7DB32A2BD4FB0072D29A;
			productRefGroup = C34E7DBD2A2BD4FB0072D29A /* Products */;
			projectDirPath = "";
			projectRoot = "";
			targets = (
				C34E7DBB2A2BD4FB0072D29A /* SwiftUIKitRickAndMortyApp */,
			);
		};
/* End PBXProject section */

/* Begin PBXResourcesBuildPhase section */
		C34E7DBA2A2BD4FB0072D29A /* Resources */ = {
			isa = PBXResourcesBuildPhase;
			buildActionMask = 2147483647;
			files = (
				C32CE31A2A3B47E1001961EA /* APIResponseTypes in Resources */,
				C32CE3132A3B440D001961EA /* Search in Resources */,
				C32CE3002A3B43CC001961EA /* CharacterDetails in Resources */,
				C32CE3102A3B440D001961EA /* Settings in Resources */,
				C32CE2FF2A3B43CC001961EA /* Episode in Resources */,
				C32CE3122A3B440D001961EA /* CharacterDetail in Resources */,
				C32CE2FD2A3B43CC001961EA /* Search in Resources */,
				C32CE3012A3B43CC001961EA /* Character in Resources */,
				C32CE3192A3B47E1001961EA /* DataTypes in Resources */,
				C32CE3042A3B43CC001961EA /* Location in Resources */,
				C32CE3112A3B440D001961EA /* Locations in Resources */,
				C32CE3022A3B43CC001961EA /* EpisodeDetails in Resources */,
				C32CE3142A3B440D001961EA /* EpisodeDetail in Resources */,
				C32CE3162A3B47BC001961EA /* Other in Resources */,
				C32CE3032A3B43CC001961EA /* LocationDetails in Resources */,
				C34E7DCC2A2BD4FD0072D29A /* LaunchScreen.storyboard in Resources */,
			);
			runOnlyForDeploymentPostprocessing = 0;
		};
/* End PBXResourcesBuildPhase section */

/* Begin PBXSourcesBuildPhase section */
		C34E7DB82A2BD4FB0072D29A /* Sources */ = {
			isa = PBXSourcesBuildPhase;
			buildActionMask = 2147483647;
			files = (
				C32CE30D2A3B440D001961EA /* RMCharacterCollectionViewCellViewModel.swift in Sources */,
				C32CE30E2A3B440D001961EA /* RMCharacterListViewViewModel.swift in Sources */,
				C32CE2F02A3B3929001961EA /* RMAPICacheManager.swift in Sources */,
				C34E7DE42A2CEB6A0072D29A /* RMLocationViewController.swift in Sources */,
				C34E7DC42A2BD4FB0072D29A /* RMTabViewController.swift in Sources */,
				C34E7DC02A2BD4FB0072D29A /* AppDelegate.swift in Sources */,
				C34E7DC22A2BD4FB0072D29A /* SceneDelegate.swift in Sources */,
				C32CE30F2A3B440D001961EA /* RMEpisodeListViewViewModel.swift in Sources */,
				C34E7DE82A2CEBC60072D29A /* RMSettingsViewController.swift in Sources */,
				C3394E392A30A53F005998FD /* RMService.swift in Sources */,
				C3394E3D2A30A58D005998FD /* RMEndpoint.swift in Sources */,
				C34E7DE62A2CEB9D0072D29A /* RMEpsiodeViewController.swift in Sources */,
				C32CE2FC2A3B43CC001961EA /* RMFooterLoadingCollectionReusableView.swift in Sources */,
				C3394E3B2A30A553005998FD /* RMRequest.swift in Sources */,
				C34E7DE22A2CEB410072D29A /* RMCharacterViewController.swift in Sources */,
				C32CE2F22A3B3973001961EA /* RMImageLoader.swift in Sources */,
			);
			runOnlyForDeploymentPostprocessing = 0;
		};
/* End PBXSourcesBuildPhase section */

/* Begin PBXVariantGroup section */
		C34E7DCA2A2BD4FD0072D29A /* LaunchScreen.storyboard */ = {
			isa = PBXVariantGroup;
			children = (
				C34E7DCB2A2BD4FD0072D29A /* Base */,
			);
			name = LaunchScreen.storyboard;
			sourceTree = "<group>";
		};
/* End PBXVariantGroup section */

/* Begin XCBuildConfiguration section */
		C34E7DCE2A2BD4FD0072D29A /* Debug */ = {
			isa = XCBuildConfiguration;
			buildSettings = {
				ALWAYS_SEARCH_USER_PATHS = NO;
				CLANG_ANALYZER_NONNULL = YES;
				CLANG_ANALYZER_NUMBER_OBJECT_CONVERSION = YES_AGGRESSIVE;
				CLANG_CXX_LANGUAGE_STANDARD = "gnu++20";
				CLANG_ENABLE_MODULES = YES;
				CLANG_ENABLE_OBJC_ARC = YES;
				CLANG_ENABLE_OBJC_WEAK = YES;
				CLANG_WARN_BLOCK_CAPTURE_AUTORELEASING = YES;
				CLANG_WARN_BOOL_CONVERSION = YES;
				CLANG_WARN_COMMA = YES;
				CLANG_WARN_CONSTANT_CONVERSION = YES;
				CLANG_WARN_DEPRECATED_OBJC_IMPLEMENTATIONS = YES;
				CLANG_WARN_DIRECT_OBJC_ISA_USAGE = YES_ERROR;
				CLANG_WARN_DOCUMENTATION_COMMENTS = YES;
				CLANG_WARN_EMPTY_BODY = YES;
				CLANG_WARN_ENUM_CONVERSION = YES;
				CLANG_WARN_INFINITE_RECURSION = YES;
				CLANG_WARN_INT_CONVERSION = YES;
				CLANG_WARN_NON_LITERAL_NULL_CONVERSION = YES;
				CLANG_WARN_OBJC_IMPLICIT_RETAIN_SELF = YES;
				CLANG_WARN_OBJC_LITERAL_CONVERSION = YES;
				CLANG_WARN_OBJC_ROOT_CLASS = YES_ERROR;
				CLANG_WARN_QUOTED_INCLUDE_IN_FRAMEWORK_HEADER = YES;
				CLANG_WARN_RANGE_LOOP_ANALYSIS = YES;
				CLANG_WARN_STRICT_PROTOTYPES = YES;
				CLANG_WARN_SUSPICIOUS_MOVE = YES;
				CLANG_WARN_UNGUARDED_AVAILABILITY = YES_AGGRESSIVE;
				CLANG_WARN_UNREACHABLE_CODE = YES;
				CLANG_WARN__DUPLICATE_METHOD_MATCH = YES;
				COPY_PHASE_STRIP = NO;
				DEBUG_INFORMATION_FORMAT = dwarf;
				ENABLE_STRICT_OBJC_MSGSEND = YES;
				ENABLE_TESTABILITY = YES;
				GCC_C_LANGUAGE_STANDARD = gnu11;
				GCC_DYNAMIC_NO_PIC = NO;
				GCC_NO_COMMON_BLOCKS = YES;
				GCC_OPTIMIZATION_LEVEL = 0;
				GCC_PREPROCESSOR_DEFINITIONS = (
					"DEBUG=1",
					"$(inherited)",
				);
				GCC_WARN_64_TO_32_BIT_CONVERSION = YES;
				GCC_WARN_ABOUT_RETURN_TYPE = YES_ERROR;
				GCC_WARN_UNDECLARED_SELECTOR = YES;
				GCC_WARN_UNINITIALIZED_AUTOS = YES_AGGRESSIVE;
				GCC_WARN_UNUSED_FUNCTION = YES;
				GCC_WARN_UNUSED_VARIABLE = YES;
				IPHONEOS_DEPLOYMENT_TARGET = 16.4;
				MTL_ENABLE_DEBUG_INFO = INCLUDE_SOURCE;
				MTL_FAST_MATH = YES;
				ONLY_ACTIVE_ARCH = YES;
				SDKROOT = iphoneos;
				SWIFT_ACTIVE_COMPILATION_CONDITIONS = DEBUG;
				SWIFT_OPTIMIZATION_LEVEL = "-Onone";
			};
			name = Debug;
		};
		C34E7DCF2A2BD4FD0072D29A /* Release */ = {
			isa = XCBuildConfiguration;
			buildSettings = {
				ALWAYS_SEARCH_USER_PATHS = NO;
				CLANG_ANALYZER_NONNULL = YES;
				CLANG_ANALYZER_NUMBER_OBJECT_CONVERSION = YES_AGGRESSIVE;
				CLANG_CXX_LANGUAGE_STANDARD = "gnu++20";
				CLANG_ENABLE_MODULES = YES;
				CLANG_ENABLE_OBJC_ARC = YES;
				CLANG_ENABLE_OBJC_WEAK = YES;
				CLANG_WARN_BLOCK_CAPTURE_AUTORELEASING = YES;
				CLANG_WARN_BOOL_CONVERSION = YES;
				CLANG_WARN_COMMA = YES;
				CLANG_WARN_CONSTANT_CONVERSION = YES;
				CLANG_WARN_DEPRECATED_OBJC_IMPLEMENTATIONS = YES;
				CLANG_WARN_DIRECT_OBJC_ISA_USAGE = YES_ERROR;
				CLANG_WARN_DOCUMENTATION_COMMENTS = YES;
				CLANG_WARN_EMPTY_BODY = YES;
				CLANG_WARN_ENUM_CONVERSION = YES;
				CLANG_WARN_INFINITE_RECURSION = YES;
				CLANG_WARN_INT_CONVERSION = YES;
				CLANG_WARN_NON_LITERAL_NULL_CONVERSION = YES;
				CLANG_WARN_OBJC_IMPLICIT_RETAIN_SELF = YES;
				CLANG_WARN_OBJC_LITERAL_CONVERSION = YES;
				CLANG_WARN_OBJC_ROOT_CLASS = YES_ERROR;
				CLANG_WARN_QUOTED_INCLUDE_IN_FRAMEWORK_HEADER = YES;
				CLANG_WARN_RANGE_LOOP_ANALYSIS = YES;
				CLANG_WARN_STRICT_PROTOTYPES = YES;
				CLANG_WARN_SUSPICIOUS_MOVE = YES;
				CLANG_WARN_UNGUARDED_AVAILABILITY = YES_AGGRESSIVE;
				CLANG_WARN_UNREACHABLE_CODE = YES;
				CLANG_WARN__DUPLICATE_METHOD_MATCH = YES;
				COPY_PHASE_STRIP = NO;
				DEBUG_INFORMATION_FORMAT = "dwarf-with-dsym";
				ENABLE_NS_ASSERTIONS = NO;
				ENABLE_STRICT_OBJC_MSGSEND = YES;
				GCC_C_LANGUAGE_STANDARD = gnu11;
				GCC_NO_COMMON_BLOCKS = YES;
				GCC_WARN_64_TO_32_BIT_CONVERSION = YES;
				GCC_WARN_ABOUT_RETURN_TYPE = YES_ERROR;
				GCC_WARN_UNDECLARED_SELECTOR = YES;
				GCC_WARN_UNINITIALIZED_AUTOS = YES_AGGRESSIVE;
				GCC_WARN_UNUSED_FUNCTION = YES;
				GCC_WARN_UNUSED_VARIABLE = YES;
				IPHONEOS_DEPLOYMENT_TARGET = 16.4;
				MTL_ENABLE_DEBUG_INFO = NO;
				MTL_FAST_MATH = YES;
				SDKROOT = iphoneos;
				SWIFT_COMPILATION_MODE = wholemodule;
				SWIFT_OPTIMIZATION_LEVEL = "-O";
				VALIDATE_PRODUCT = YES;
			};
			name = Release;
		};
		C34E7DD12A2BD4FD0072D29A /* Debug */ = {
			isa = XCBuildConfiguration;
			buildSettings = {
				ASSETCATALOG_COMPILER_APPICON_NAME = AppIcon;
				ASSETCATALOG_COMPILER_GLOBAL_ACCENT_COLOR_NAME = AccentColor;
				CODE_SIGN_STYLE = Automatic;
				CURRENT_PROJECT_VERSION = 1;
				DEVELOPMENT_TEAM = ABBGB3BP6H;
				GENERATE_INFOPLIST_FILE = YES;
				INFOPLIST_FILE = SwiftUIKitRickAndMortyApp/Info.plist;
				INFOPLIST_KEY_UIApplicationSupportsIndirectInputEvents = YES;
				INFOPLIST_KEY_UILaunchStoryboardName = LaunchScreen;
				INFOPLIST_KEY_UISupportedInterfaceOrientations_iPad = "UIInterfaceOrientationPortrait UIInterfaceOrientationPortraitUpsideDown UIInterfaceOrientationLandscapeLeft UIInterfaceOrientationLandscapeRight";
				INFOPLIST_KEY_UISupportedInterfaceOrientations_iPhone = "UIInterfaceOrientationPortrait UIInterfaceOrientationLandscapeLeft UIInterfaceOrientationLandscapeRight";
				LD_RUNPATH_SEARCH_PATHS = (
					"$(inherited)",
					"@executable_path/Frameworks",
				);
				MARKETING_VERSION = 1.0;
				PRODUCT_BUNDLE_IDENTIFIER = swift.SwiftUIKitRickAndMortyApp;
				PRODUCT_NAME = "$(TARGET_NAME)";
				SWIFT_EMIT_LOC_STRINGS = YES;
				SWIFT_VERSION = 5.0;
				TARGETED_DEVICE_FAMILY = "1,2";
			};
			name = Debug;
		};
		C34E7DD22A2BD4FD0072D29A /* Release */ = {
			isa = XCBuildConfiguration;
			buildSettings = {
				ASSETCATALOG_COMPILER_APPICON_NAME = AppIcon;
				ASSETCATALOG_COMPILER_GLOBAL_ACCENT_COLOR_NAME = AccentColor;
				CODE_SIGN_STYLE = Automatic;
				CURRENT_PROJECT_VERSION = 1;
				DEVELOPMENT_TEAM = ABBGB3BP6H;
				GENERATE_INFOPLIST_FILE = YES;
				INFOPLIST_FILE = SwiftUIKitRickAndMortyApp/Info.plist;
				INFOPLIST_KEY_UIApplicationSupportsIndirectInputEvents = YES;
				INFOPLIST_KEY_UILaunchStoryboardName = LaunchScreen;
				INFOPLIST_KEY_UISupportedInterfaceOrientations_iPad = "UIInterfaceOrientationPortrait UIInterfaceOrientationPortraitUpsideDown UIInterfaceOrientationLandscapeLeft UIInterfaceOrientationLandscapeRight";
				INFOPLIST_KEY_UISupportedInterfaceOrientations_iPhone = "UIInterfaceOrientationPortrait UIInterfaceOrientationLandscapeLeft UIInterfaceOrientationLandscapeRight";
				LD_RUNPATH_SEARCH_PATHS = (
					"$(inherited)",
					"@executable_path/Frameworks",
				);
				MARKETING_VERSION = 1.0;
				PRODUCT_BUNDLE_IDENTIFIER = swift.SwiftUIKitRickAndMortyApp;
				PRODUCT_NAME = "$(TARGET_NAME)";
				SWIFT_EMIT_LOC_STRINGS = YES;
				SWIFT_VERSION = 5.0;
				TARGETED_DEVICE_FAMILY = "1,2";
			};
			name = Release;
		};
/* End XCBuildConfiguration section */

/* Begin XCConfigurationList section */
		C34E7DB72A2BD4FB0072D29A /* Build configuration list for PBXProject "SwiftUIKitRickAndMortyApp" */ = {
			isa = XCConfigurationList;
			buildConfigurations = (
				C34E7DCE2A2BD4FD0072D29A /* Debug */,
				C34E7DCF2A2BD4FD0072D29A /* Release */,
			);
			defaultConfigurationIsVisible = 0;
			defaultConfigurationName = Release;
		};
		C34E7DD02A2BD4FD0072D29A /* Build configuration list for PBXNativeTarget "SwiftUIKitRickAndMortyApp" */ = {
			isa = XCConfigurationList;
			buildConfigurations = (
				C34E7DD12A2BD4FD0072D29A /* Debug */,
				C34E7DD22A2BD4FD0072D29A /* Release */,
			);
			defaultConfigurationIsVisible = 0;
			defaultConfigurationName = Release;
		};
/* End XCConfigurationList section */
	};
	rootObject = C34E7DB42A2BD4FB0072D29A /* Project object */;
}
